// !$*UTF8*$!
{
	archiveVersion = 1;
	classes = {
	};
	objectVersion = 50;
	objects = {

/* Begin PBXBuildFile section */
		DE22159626E8B1CB00F7D267 /* AppDelegate.swift in Sources */ = {isa = PBXBuildFile; fileRef = DE22159526E8B1CB00F7D267 /* AppDelegate.swift */; };
		DE22159826E8B1CB00F7D267 /* SceneDelegate.swift in Sources */ = {isa = PBXBuildFile; fileRef = DE22159726E8B1CB00F7D267 /* SceneDelegate.swift */; };
		DE22159A26E8B1CB00F7D267 /* ViewController.swift in Sources */ = {isa = PBXBuildFile; fileRef = DE22159926E8B1CB00F7D267 /* ViewController.swift */; };
		DE22159D26E8B1CB00F7D267 /* Main.storyboard in Resources */ = {isa = PBXBuildFile; fileRef = DE22159B26E8B1CB00F7D267 /* Main.storyboard */; };
		DE22159F26E8B1CE00F7D267 /* Assets.xcassets in Resources */ = {isa = PBXBuildFile; fileRef = DE22159E26E8B1CE00F7D267 /* Assets.xcassets */; };
		DE2215A226E8B1CE00F7D267 /* LaunchScreen.storyboard in Resources */ = {isa = PBXBuildFile; fileRef = DE2215A026E8B1CE00F7D267 /* LaunchScreen.storyboard */; };
		DE2215AD26E8B1CE00F7D267 /* hfhfhfhfhfTests.swift in Sources */ = {isa = PBXBuildFile; fileRef = DE2215AC26E8B1CE00F7D267 /* hfhfhfhfhfTests.swift */; };
		DE2215B826E8B1CE00F7D267 /* hfhfhfhfhfUITests.swift in Sources */ = {isa = PBXBuildFile; fileRef = DE2215B726E8B1CE00F7D267 /* hfhfhfhfhfUITests.swift */; };
/* End PBXBuildFile section */

/* Begin PBXContainerItemProxy section */
		DE2215A926E8B1CE00F7D267 /* PBXContainerItemProxy */ = {
			isa = PBXContainerItemProxy;
			containerPortal = DE22158A26E8B1CB00F7D267 /* Project object */;
			proxyType = 1;
			remoteGlobalIDString = DE22159126E8B1CB00F7D267;
			remoteInfo = hfhfhfhfhf;
		};
		DE2215B426E8B1CE00F7D267 /* PBXContainerItemProxy */ = {
			isa = PBXContainerItemProxy;
			containerPortal = DE22158A26E8B1CB00F7D267 /* Project object */;
			proxyType = 1;
			remoteGlobalIDString = DE22159126E8B1CB00F7D267;
			remoteInfo = hfhfhfhfhf;
		};
/* End PBXContainerItemProxy section */

/* Begin PBXFileReference section */
		DE22159226E8B1CB00F7D267 /* hfhfhfhfhf.app */ = {isa = PBXFileReference; explicitFileType = wrapper.application; includeInIndex = 0; path = hfhfhfhfhf.app; sourceTree = BUILT_PRODUCTS_DIR; };
		DE22159526E8B1CB00F7D267 /* AppDelegate.swift */ = {isa = PBXFileReference; lastKnownFileType = sourcecode.swift; path = AppDelegate.swift; sourceTree = "<group>"; };
		DE22159726E8B1CB00F7D267 /* SceneDelegate.swift */ = {isa = PBXFileReference; lastKnownFileType = sourcecode.swift; path = SceneDelegate.swift; sourceTree = "<group>"; };
		DE22159926E8B1CB00F7D267 /* ViewController.swift */ = {isa = PBXFileReference; lastKnownFileType = sourcecode.swift; path = ViewController.swift; sourceTree = "<group>"; };
		DE22159C26E8B1CB00F7D267 /* Base */ = {isa = PBXFileReference; lastKnownFileType = file.storyboard; name = Base; path = Base.lproj/Main.storyboard; sourceTree = "<group>"; };
		DE22159E26E8B1CE00F7D267 /* Assets.xcassets */ = {isa = PBXFileReference; lastKnownFileType = folder.assetcatalog; path = Assets.xcassets; sourceTree = "<group>"; };
		DE2215A126E8B1CE00F7D267 /* Base */ = {isa = PBXFileReference; lastKnownFileType = file.storyboard; name = Base; path = Base.lproj/LaunchScreen.storyboard; sourceTree = "<group>"; };
		DE2215A326E8B1CE00F7D267 /* Info.plist */ = {isa = PBXFileReference; lastKnownFileType = text.plist.xml; path = Info.plist; sourceTree = "<group>"; };
		DE2215A826E8B1CE00F7D267 /* hfhfhfhfhfTests.xctest */ = {isa = PBXFileReference; explicitFileType = wrapper.cfbundle; includeInIndex = 0; path = hfhfhfhfhfTests.xctest; sourceTree = BUILT_PRODUCTS_DIR; };
		DE2215AC26E8B1CE00F7D267 /* hfhfhfhfhfTests.swift */ = {isa = PBXFileReference; lastKnownFileType = sourcecode.swift; path = hfhfhfhfhfTests.swift; sourceTree = "<group>"; };
		DE2215AE26E8B1CE00F7D267 /* Info.plist */ = {isa = PBXFileReference; lastKnownFileType = text.plist.xml; path = Info.plist; sourceTree = "<group>"; };
		DE2215B326E8B1CE00F7D267 /* hfhfhfhfhfUITests.xctest */ = {isa = PBXFileReference; explicitFileType = wrapper.cfbundle; includeInIndex = 0; path = hfhfhfhfhfUITests.xctest; sourceTree = BUILT_PRODUCTS_DIR; };
		DE2215B726E8B1CE00F7D267 /* hfhfhfhfhfUITests.swift */ = {isa = PBXFileReference; lastKnownFileType = sourcecode.swift; path = hfhfhfhfhfUITests.swift; sourceTree = "<group>"; };
		DE2215B926E8B1CE00F7D267 /* Info.plist */ = {isa = PBXFileReference; lastKnownFileType = text.plist.xml; path = Info.plist; sourceTree = "<group>"; };
/* End PBXFileReference section */

/* Begin PBXFrameworksBuildPhase section */
		DE22158F26E8B1CB00F7D267 /* Frameworks */ = {
			isa = PBXFrameworksBuildPhase;
			buildActionMask = 2147483647;
			files = (
			);
			runOnlyForDeploymentPostprocessing = 0;
		};
		DE2215A526E8B1CE00F7D267 /* Frameworks */ = {
			isa = PBXFrameworksBuildPhase;
			buildActionMask = 2147483647;
			files = (
			);
			runOnlyForDeploymentPostprocessing = 0;
		};
		DE2215B026E8B1CE00F7D267 /* Frameworks */ = {
			isa = PBXFrameworksBuildPhase;
			buildActionMask = 2147483647;
			files = (
			);
			runOnlyForDeploymentPostprocessing = 0;
		};
/* End PBXFrameworksBuildPhase section */

/* Begin PBXGroup section */
		DE22158926E8B1CB00F7D267 = {
			isa = PBXGroup;
			children = (
				DE22159426E8B1CB00F7D267 /* hfhfhfhfhf */,
				DE2215AB26E8B1CE00F7D267 /* hfhfhfhfhfTests */,
				DE2215B626E8B1CE00F7D267 /* hfhfhfhfhfUITests */,
				DE22159326E8B1CB00F7D267 /* Products */,
			);
			sourceTree = "<group>";
		};
		DE22159326E8B1CB00F7D267 /* Products */ = {
			isa = PBXGroup;
			children = (
				DE22159226E8B1CB00F7D267 /* hfhfhfhfhf.app */,
				DE2215A826E8B1CE00F7D267 /* hfhfhfhfhfTests.xctest */,
				DE2215B326E8B1CE00F7D267 /* hfhfhfhfhfUITests.xctest */,
			);
			name = Products;
			sourceTree = "<group>";
		};
		DE22159426E8B1CB00F7D267 /* hfhfhfhfhf */ = {
			isa = PBXGroup;
			children = (
				DE22159526E8B1CB00F7D267 /* AppDelegate.swift */,
				DE22159726E8B1CB00F7D267 /* SceneDelegate.swift */,
				DE22159926E8B1CB00F7D267 /* ViewController.swift */,
				DE22159B26E8B1CB00F7D267 /* Main.storyboard */,
				DE22159E26E8B1CE00F7D267 /* Assets.xcassets */,
				DE2215A026E8B1CE00F7D267 /* LaunchScreen.storyboard */,
				DE2215A326E8B1CE00F7D267 /* Info.plist */,
			);
			path = hfhfhfhfhf;
			sourceTree = "<group>";
		};
		DE2215AB26E8B1CE00F7D267 /* hfhfhfhfhfTests */ = {
			isa = PBXGroup;
			children = (
				DE2215AC26E8B1CE00F7D267 /* hfhfhfhfhfTests.swift */,
				DE2215AE26E8B1CE00F7D267 /* Info.plist */,
			);
			path = hfhfhfhfhfTests;
			sourceTree = "<group>";
		};
		DE2215B626E8B1CE00F7D267 /* hfhfhfhfhfUITests */ = {
			isa = PBXGroup;
			children = (
				DE2215B726E8B1CE00F7D267 /* hfhfhfhfhfUITests.swift */,
				DE2215B926E8B1CE00F7D267 /* Info.plist */,
			);
			path = hfhfhfhfhfUITests;
			sourceTree = "<group>";
		};
/* End PBXGroup section */

/* Begin PBXNativeTarget section */
		DE22159126E8B1CB00F7D267 /* hfhfhfhfhf */ = {
			isa = PBXNativeTarget;
			buildConfigurationList = DE2215BC26E8B1CE00F7D267 /* Build configuration list for PBXNativeTarget "hfhfhfhfhf" */;
			buildPhases = (
				DE22158E26E8B1CB00F7D267 /* Sources */,
				DE22158F26E8B1CB00F7D267 /* Frameworks */,
				DE22159026E8B1CB00F7D267 /* Resources */,
			);
			buildRules = (
			);
			dependencies = (
			);
			name = hfhfhfhfhf;
			productName = hfhfhfhfhf;
			productReference = DE22159226E8B1CB00F7D267 /* hfhfhfhfhf.app */;
			productType = "com.apple.product-type.application";
		};
		DE2215A726E8B1CE00F7D267 /* hfhfhfhfhfTests */ = {
			isa = PBXNativeTarget;
			buildConfigurationList = DE2215BF26E8B1CE00F7D267 /* Build configuration list for PBXNativeTarget "hfhfhfhfhfTests" */;
			buildPhases = (
				DE2215A426E8B1CE00F7D267 /* Sources */,
				DE2215A526E8B1CE00F7D267 /* Frameworks */,
				DE2215A626E8B1CE00F7D267 /* Resources */,
			);
			buildRules = (
			);
			dependencies = (
				DE2215AA26E8B1CE00F7D267 /* PBXTargetDependency */,
			);
			name = hfhfhfhfhfTests;
			productName = hfhfhfhfhfTests;
			productReference = DE2215A826E8B1CE00F7D267 /* hfhfhfhfhfTests.xctest */;
			productType = "com.apple.product-type.bundle.unit-test";
		};
		DE2215B226E8B1CE00F7D267 /* hfhfhfhfhfUITests */ = {
			isa = PBXNativeTarget;
			buildConfigurationList = DE2215C226E8B1CE00F7D267 /* Build configuration list for PBXNativeTarget "hfhfhfhfhfUITests" */;
			buildPhases = (
				DE2215AF26E8B1CE00F7D267 /* Sources */,
				DE2215B026E8B1CE00F7D267 /* Frameworks */,
				DE2215B126E8B1CE00F7D267 /* Resources */,
			);
			buildRules = (
			);
			dependencies = (
				DE2215B526E8B1CE00F7D267 /* PBXTargetDependency */,
			);
			name = hfhfhfhfhfUITests;
			productName = hfhfhfhfhfUITests;
			productReference = DE2215B326E8B1CE00F7D267 /* hfhfhfhfhfUITests.xctest */;
			productType = "com.apple.product-type.bundle.ui-testing";
		};
/* End PBXNativeTarget section */

/* Begin PBXProject section */
		DE22158A26E8B1CB00F7D267 /* Project object */ = {
			isa = PBXProject;
			attributes = {
				LastSwiftUpdateCheck = 1250;
				LastUpgradeCheck = 1250;
				TargetAttributes = {
					DE22159126E8B1CB00F7D267 = {
						CreatedOnToolsVersion = 12.5.1;
					};
					DE2215A726E8B1CE00F7D267 = {
						CreatedOnToolsVersion = 12.5.1;
						TestTargetID = DE22159126E8B1CB00F7D267;
					};
					DE2215B226E8B1CE00F7D267 = {
						CreatedOnToolsVersion = 12.5.1;
						TestTargetID = DE22159126E8B1CB00F7D267;
					};
				};
			};
			buildConfigurationList = DE22158D26E8B1CB00F7D267 /* Build configuration list for PBXProject "hfhfhfhfhf" */;
			compatibilityVersion = "Xcode 9.3";
			developmentRegion = en;
			hasScannedForEncodings = 0;
			knownRegions = (
				en,
				Base,
			);
			mainGroup = DE22158926E8B1CB00F7D267;
			productRefGroup = DE22159326E8B1CB00F7D267 /* Products */;
			projectDirPath = "";
			projectRoot = "";
			targets = (
				DE22159126E8B1CB00F7D267 /* hfhfhfhfhf */,
				DE2215A726E8B1CE00F7D267 /* hfhfhfhfhfTests */,
				DE2215B226E8B1CE00F7D267 /* hfhfhfhfhfUITests */,
			);
		};
/* End PBXProject section */

/* Begin PBXResourcesBuildPhase section */
		DE22159026E8B1CB00F7D267 /* Resources */ = {
			isa = PBXResourcesBuildPhase;
			buildActionMask = 2147483647;
			files = (
				DE2215A226E8B1CE00F7D267 /* LaunchScreen.storyboard in Resources */,
				DE22159F26E8B1CE00F7D267 /* Assets.xcassets in Resources */,
				DE22159D26E8B1CB00F7D267 /* Main.storyboard in Resources */,
			);
			runOnlyForDeploymentPostprocessing = 0;
		};
		DE2215A626E8B1CE00F7D267 /* Resources */ = {
			isa = PBXResourcesBuildPhase;
			buildActionMask = 2147483647;
			files = (
			);
			runOnlyForDeploymentPostprocessing = 0;
		};
		DE2215B126E8B1CE00F7D267 /* Resources */ = {
			isa = PBXResourcesBuildPhase;
			buildActionMask = 2147483647;
			files = (
			);
			runOnlyForDeploymentPostprocessing = 0;
		};
/* End PBXResourcesBuildPhase section */

/* Begin PBXSourcesBuildPhase section */
		DE22158E26E8B1CB00F7D267 /* Sources */ = {
			isa = PBXSourcesBuildPhase;
			buildActionMask = 2147483647;
			files = (
				DE22159A26E8B1CB00F7D267 /* ViewController.swift in Sources */,
				DE22159626E8B1CB00F7D267 /* AppDelegate.swift in Sources */,
				DE22159826E8B1CB00F7D267 /* SceneDelegate.swift in Sources */,
			);
			runOnlyForDeploymentPostprocessing = 0;
		};
		DE2215A426E8B1CE00F7D267 /* Sources */ = {
			isa = PBXSourcesBuildPhase;
			buildActionMask = 2147483647;
			files = (
				DE2215AD26E8B1CE00F7D267 /* hfhfhfhfhfTests.swift in Sources */,
			);
			runOnlyForDeploymentPostprocessing = 0;
		};
		DE2215AF26E8B1CE00F7D267 /* Sources */ = {
			isa = PBXSourcesBuildPhase;
			buildActionMask = 2147483647;
			files = (
				DE2215B826E8B1CE00F7D267 /* hfhfhfhfhfUITests.swift in Sources */,
			);
			runOnlyForDeploymentPostprocessing = 0;
		};
/* End PBXSourcesBuildPhase section */

/* Begin PBXTargetDependency section */
		DE2215AA26E8B1CE00F7D267 /* PBXTargetDependency */ = {
			isa = PBXTargetDependency;
			target = DE22159126E8B1CB00F7D267 /* hfhfhfhfhf */;
			targetProxy = DE2215A926E8B1CE00F7D267 /* PBXContainerItemProxy */;
		};
		DE2215B526E8B1CE00F7D267 /* PBXTargetDependency */ = {
			isa = PBXTargetDependency;
			target = DE22159126E8B1CB00F7D267 /* hfhfhfhfhf */;
			targetProxy = DE2215B426E8B1CE00F7D267 /* PBXContainerItemProxy */;
		};
/* End PBXTargetDependency section */

/* Begin PBXVariantGroup section */
		DE22159B26E8B1CB00F7D267 /* Main.storyboard */ = {
			isa = PBXVariantGroup;
			children = (
				DE22159C26E8B1CB00F7D267 /* Base */,
			);
			name = Main.storyboard;
			sourceTree = "<group>";
		};
		DE2215A026E8B1CE00F7D267 /* LaunchScreen.storyboard */ = {
			isa = PBXVariantGroup;
			children = (
				DE2215A126E8B1CE00F7D267 /* Base */,
			);
			name = LaunchScreen.storyboard;
			sourceTree = "<group>";
		};
/* End PBXVariantGroup section */

/* Begin XCBuildConfiguration section */
		DE2215BA26E8B1CE00F7D267 /* Debug */ = {
			isa = XCBuildConfiguration;
			buildSettings = {
				ALWAYS_SEARCH_USER_PATHS = NO;
				CLANG_ANALYZER_NONNULL = YES;
				CLANG_ANALYZER_NUMBER_OBJECT_CONVERSION = YES_AGGRESSIVE;
				CLANG_CXX_LANGUAGE_STANDARD = "gnu++14";
				CLANG_CXX_LIBRARY = "libc++";
				CLANG_ENABLE_MODULES = YES;
				CLANG_ENABLE_OBJC_ARC = YES;
				CLANG_ENABLE_OBJC_WEAK = YES;
				CLANG_WARN_BLOCK_CAPTURE_AUTORELEASING = YES;
				CLANG_WARN_BOOL_CONVERSION = YES;
				CLANG_WARN_COMMA = YES;
				CLANG_WARN_CONSTANT_CONVERSION = YES;
				CLANG_WARN_DEPRECATED_OBJC_IMPLEMENTATIONS = YES;
				CLANG_WARN_DIRECT_OBJC_ISA_USAGE = YES_ERROR;
				CLANG_WARN_DOCUMENTATION_COMMENTS = YES;
				CLANG_WARN_EMPTY_BODY = YES;
				CLANG_WARN_ENUM_CONVERSION = YES;
				CLANG_WARN_INFINITE_RECURSION = YES;
				CLANG_WARN_INT_CONVERSION = YES;
				CLANG_WARN_NON_LITERAL_NULL_CONVERSION = YES;
				CLANG_WARN_OBJC_IMPLICIT_RETAIN_SELF = YES;
				CLANG_WARN_OBJC_LITERAL_CONVERSION = YES;
				CLANG_WARN_OBJC_ROOT_CLASS = YES_ERROR;
				CLANG_WARN_QUOTED_INCLUDE_IN_FRAMEWORK_HEADER = YES;
				CLANG_WARN_RANGE_LOOP_ANALYSIS = YES;
				CLANG_WARN_STRICT_PROTOTYPES = YES;
				CLANG_WARN_SUSPICIOUS_MOVE = YES;
				CLANG_WARN_UNGUARDED_AVAILABILITY = YES_AGGRESSIVE;
				CLANG_WARN_UNREACHABLE_CODE = YES;
				CLANG_WARN__DUPLICATE_METHOD_MATCH = YES;
				COPY_PHASE_STRIP = NO;
				DEBUG_INFORMATION_FORMAT = dwarf;
				ENABLE_STRICT_OBJC_MSGSEND = YES;
				ENABLE_TESTABILITY = YES;
				GCC_C_LANGUAGE_STANDARD = gnu11;
				GCC_DYNAMIC_NO_PIC = NO;
				GCC_NO_COMMON_BLOCKS = YES;
				GCC_OPTIMIZATION_LEVEL = 0;
				GCC_PREPROCESSOR_DEFINITIONS = (
					"DEBUG=1",
					"$(inherited)",
				);
				GCC_WARN_64_TO_32_BIT_CONVERSION = YES;
				GCC_WARN_ABOUT_RETURN_TYPE = YES_ERROR;
				GCC_WARN_UNDECLARED_SELECTOR = YES;
				GCC_WARN_UNINITIALIZED_AUTOS = YES_AGGRESSIVE;
				GCC_WARN_UNUSED_FUNCTION = YES;
				GCC_WARN_UNUSED_VARIABLE = YES;
				IPHONEOS_DEPLOYMENT_TARGET = 14.5;
				MTL_ENABLE_DEBUG_INFO = INCLUDE_SOURCE;
				MTL_FAST_MATH = YES;
				ONLY_ACTIVE_ARCH = YES;
				SDKROOT = iphoneos;
				SWIFT_ACTIVE_COMPILATION_CONDITIONS = DEBUG;
				SWIFT_OPTIMIZATION_LEVEL = "-Onone";
			};
			name = Debug;
		};
		DE2215BB26E8B1CE00F7D267 /* Release */ = {
			isa = XCBuildConfiguration;
			buildSettings = {
				ALWAYS_SEARCH_USER_PATHS = NO;
				CLANG_ANALYZER_NONNULL = YES;
				CLANG_ANALYZER_NUMBER_OBJECT_CONVERSION = YES_AGGRESSIVE;
				CLANG_CXX_LANGUAGE_STANDARD = "gnu++14";
				CLANG_CXX_LIBRARY = "libc++";
				CLANG_ENABLE_MODULES = YES;
				CLANG_ENABLE_OBJC_ARC = YES;
				CLANG_ENABLE_OBJC_WEAK = YES;
				CLANG_WARN_BLOCK_CAPTURE_AUTORELEASING = YES;
				CLANG_WARN_BOOL_CONVERSION = YES;
				CLANG_WARN_COMMA = YES;
				CLANG_WARN_CONSTANT_CONVERSION = YES;
				CLANG_WARN_DEPRECATED_OBJC_IMPLEMENTATIONS = YES;
				CLANG_WARN_DIRECT_OBJC_ISA_USAGE = YES_ERROR;
				CLANG_WARN_DOCUMENTATION_COMMENTS = YES;
				CLANG_WARN_EMPTY_BODY = YES;
				CLANG_WARN_ENUM_CONVERSION = YES;
				CLANG_WARN_INFINITE_RECURSION = YES;
				CLANG_WARN_INT_CONVERSION = YES;
				CLANG_WARN_NON_LITERAL_NULL_CONVERSION = YES;
				CLANG_WARN_OBJC_IMPLICIT_RETAIN_SELF = YES;
				CLANG_WARN_OBJC_LITERAL_CONVERSION = YES;
				CLANG_WARN_OBJC_ROOT_CLASS = YES_ERROR;
				CLANG_WARN_QUOTED_INCLUDE_IN_FRAMEWORK_HEADER = YES;
				CLANG_WARN_RANGE_LOOP_ANALYSIS = YES;
				CLANG_WARN_STRICT_PROTOTYPES = YES;
				CLANG_WARN_SUSPICIOUS_MOVE = YES;
				CLANG_WARN_UNGUARDED_AVAILABILITY = YES_AGGRESSIVE;
				CLANG_WARN_UNREACHABLE_CODE = YES;
				CLANG_WARN__DUPLICATE_METHOD_MATCH = YES;
				COPY_PHASE_STRIP = NO;
				DEBUG_INFORMATION_FORMAT = "dwarf-with-dsym";
				ENABLE_NS_ASSERTIONS = NO;
				ENABLE_STRICT_OBJC_MSGSEND = YES;
				GCC_C_LANGUAGE_STANDARD = gnu11;
				GCC_NO_COMMON_BLOCKS = YES;
				GCC_WARN_64_TO_32_BIT_CONVERSION = YES;
				GCC_WARN_ABOUT_RETURN_TYPE = YES_ERROR;
				GCC_WARN_UNDECLARED_SELECTOR = YES;
				GCC_WARN_UNINITIALIZED_AUTOS = YES_AGGRESSIVE;
				GCC_WARN_UNUSED_FUNCTION = YES;
				GCC_WARN_UNUSED_VARIABLE = YES;
				IPHONEOS_DEPLOYMENT_TARGET = 14.5;
				MTL_ENABLE_DEBUG_INFO = NO;
				MTL_FAST_MATH = YES;
				SDKROOT = iphoneos;
				SWIFT_COMPILATION_MODE = wholemodule;
				SWIFT_OPTIMIZATION_LEVEL = "-O";
				VALIDATE_PRODUCT = YES;
			};
			name = Release;
		};
		DE2215BD26E8B1CE00F7D267 /* Debug */ = {
			isa = XCBuildConfiguration;
			buildSettings = {
				ASSETCATALOG_COMPILER_APPICON_NAME = AppIcon;
				ASSETCATALOG_COMPILER_GLOBAL_ACCENT_COLOR_NAME = AccentColor;
				CODE_SIGN_STYLE = Automatic;
				INFOPLIST_FILE = hfhfhfhfhf/Info.plist;
				LD_RUNPATH_SEARCH_PATHS = (
					"$(inherited)",
					"@executable_path/Frameworks",
				);
				PRODUCT_BUNDLE_IDENTIFIER = com.bignerdranch.hfhfhfhfhf;
				PRODUCT_NAME = "$(TARGET_NAME)";
				SWIFT_VERSION = 5.0;
				TARGETED_DEVICE_FAMILY = "1,2";
			};
			name = Debug;
		};
		DE2215BE26E8B1CE00F7D267 /* Release */ = {
			isa = XCBuildConfiguration;
			buildSettings = {
				ASSETCATALOG_COMPILER_APPICON_NAME = AppIcon;
				ASSETCATALOG_COMPILER_GLOBAL_ACCENT_COLOR_NAME = AccentColor;
				CODE_SIGN_STYLE = Automatic;
				INFOPLIST_FILE = hfhfhfhfhf/Info.plist;
				LD_RUNPATH_SEARCH_PATHS = (
					"$(inherited)",
					"@executable_path/Frameworks",
				);
				PRODUCT_BUNDLE_IDENTIFIER = com.bignerdranch.hfhfhfhfhf;
				PRODUCT_NAME = "$(TARGET_NAME)";
				SWIFT_VERSION = 5.0;
				TARGETED_DEVICE_FAMILY = "1,2";
			};
			name = Release;
		};
		DE2215C026E8B1CE00F7D267 /* Debug */ = {
			isa = XCBuildConfiguration;
			buildSettings = {
				ALWAYS_EMBED_SWIFT_STANDARD_LIBRARIES = YES;
				BUNDLE_LOADER = "$(TEST_HOST)";
				CODE_SIGN_STYLE = Automatic;
				INFOPLIST_FILE = hfhfhfhfhfTests/Info.plist;
				IPHONEOS_DEPLOYMENT_TARGET = 14.5;
				LD_RUNPATH_SEARCH_PATHS = (
					"$(inherited)",
					"@executable_path/Frameworks",
					"@loader_path/Frameworks",
				);
				PRODUCT_BUNDLE_IDENTIFIER = com.bignerdranch.hfhfhfhfhfTests;
				PRODUCT_NAME = "$(TARGET_NAME)";
				SWIFT_VERSION = 5.0;
				TARGETED_DEVICE_FAMILY = "1,2";
				TEST_HOST = "$(BUILT_PRODUCTS_DIR)/hfhfhfhfhf.app/hfhfhfhfhf";
			};
			name = Debug;
		};
		DE2215C126E8B1CE00F7D267 /* Release */ = {
			isa = XCBuildConfiguration;
			buildSettings = {
				ALWAYS_EMBED_SWIFT_STANDARD_LIBRARIES = YES;
				BUNDLE_LOADER = "$(TEST_HOST)";
				CODE_SIGN_STYLE = Automatic;
				INFOPLIST_FILE = hfhfhfhfhfTests/Info.plist;
				IPHONEOS_DEPLOYMENT_TARGET = 14.5;
				LD_RUNPATH_SEARCH_PATHS = (
					"$(inherited)",
					"@executable_path/Frameworks",
					"@loader_path/Frameworks",
				);
				PRODUCT_BUNDLE_IDENTIFIER = com.bignerdranch.hfhfhfhfhfTests;
				PRODUCT_NAME = "$(TARGET_NAME)";
				SWIFT_VERSION = 5.0;
				TARGETED_DEVICE_FAMILY = "1,2";
				TEST_HOST = "$(BUILT_PRODUCTS_DIR)/hfhfhfhfhf.app/hfhfhfhfhf";
			};
			name = Release;
		};
		DE2215C326E8B1CE00F7D267 /* Debug */ = {
			isa = XCBuildConfiguration;
			buildSettings = {
				ALWAYS_EMBED_SWIFT_STANDARD_LIBRARIES = YES;
				CODE_SIGN_STYLE = Automatic;
				INFOPLIST_FILE = hfhfhfhfhfUITests/Info.plist;
				LD_RUNPATH_SEARCH_PATHS = (
					"$(inherited)",
					"@executable_path/Frameworks",
					"@loader_path/Frameworks",
				);
				PRODUCT_BUNDLE_IDENTIFIER = com.bignerdranch.hfhfhfhfhfUITests;
				PRODUCT_NAME = "$(TARGET_NAME)";
				SWIFT_VERSION = 5.0;
				TARGETED_DEVICE_FAMILY = "1,2";
				TEST_TARGET_NAME = hfhfhfhfhf;
			};
			name = Debug;
		};
		DE2215C426E8B1CE00F7D267 /* Release */ = {
			isa = XCBuildConfiguration;
			buildSettings = {
				ALWAYS_EMBED_SWIFT_STANDARD_LIBRARIES = YES;
				CODE_SIGN_STYLE = Automatic;
				INFOPLIST_FILE = hfhfhfhfhfUITests/Info.plist;
				LD_RUNPATH_SEARCH_PATHS = (
					"$(inherited)",
					"@executable_path/Frameworks",
					"@loader_path/Frameworks",
				);
				PRODUCT_BUNDLE_IDENTIFIER = com.bignerdranch.hfhfhfhfhfUITests;
				PRODUCT_NAME = "$(TARGET_NAME)";
				SWIFT_VERSION = 5.0;
				TARGETED_DEVICE_FAMILY = "1,2";
				TEST_TARGET_NAME = hfhfhfhfhf;
			};
			name = Release;
		};
/* End XCBuildConfiguration section */

/* Begin XCConfigurationList section */
		DE22158D26E8B1CB00F7D267 /* Build configuration list for PBXProject "hfhfhfhfhf" */ = {
			isa = XCConfigurationList;
			buildConfigurations = (
				DE2215BA26E8B1CE00F7D267 /* Debug */,
				DE2215BB26E8B1CE00F7D267 /* Release */,
			);
			defaultConfigurationIsVisible = 0;
			defaultConfigurationName = Release;
		};
		DE2215BC26E8B1CE00F7D267 /* Build configuration list for PBXNativeTarget "hfhfhfhfhf" */ = {
			isa = XCConfigurationList;
			buildConfigurations = (
				DE2215BD26E8B1CE00F7D267 /* Debug */,
				DE2215BE26E8B1CE00F7D267 /* Release */,
			);
			defaultConfigurationIsVisible = 0;
			defaultConfigurationName = Release;
		};
		DE2215BF26E8B1CE00F7D267 /* Build configuration list for PBXNativeTarget "hfhfhfhfhfTests" */ = {
			isa = XCConfigurationList;
			buildConfigurations = (
				DE2215C026E8B1CE00F7D267 /* Debug */,
				DE2215C126E8B1CE00F7D267 /* Release */,
			);
			defaultConfigurationIsVisible = 0;
			defaultConfigurationName = Release;
		};
		DE2215C226E8B1CE00F7D267 /* Build configuration list for PBXNativeTarget "hfhfhfhfhfUITests" */ = {
			isa = XCConfigurationList;
			buildConfigurations = (
				DE2215C326E8B1CE00F7D267 /* Debug */,
				DE2215C426E8B1CE00F7D267 /* Release */,
			);
			defaultConfigurationIsVisible = 0;
			defaultConfigurationName = Release;
		};
/* End XCConfigurationList section */
	};
	rootObject = DE22158A26E8B1CB00F7D267 /* Project object */;
}
